{
  "object": {
    "pins": [
      {
        "package": "Difference",
        "repositoryURL": "https://github.com/krzysztofzablocki/Difference.git",
        "state": {
          "branch": null,
          "revision": "02fe1111edc8318c4f8a0da96336fcbcc201f38b",
          "version": "1.0.1"
        }
      },
      {
        "package": "swift-snapshot-testing",
        "repositoryURL": "https://github.com/pointfreeco/swift-snapshot-testing",
        "state": {
          "branch": null,
          "revision": "dc46eeb3928a75390651fac6c1ef7f93ad59a73b",
          "version": "1.11.1"
        }
      }
    ]
  },
  "version": 1
}
